// !$*UTF8*$!
{
	archiveVersion = 1;
	classes = {
	};
	objectVersion = 48;
	objects = {

/* Begin PBXBuildFile section */
		080695D7202AE29F00AEE939 /* AppDelegate.swift in Sources */ = {isa = PBXBuildFile; fileRef = 080695D6202AE29F00AEE939 /* AppDelegate.swift */; };
		080695D9202AE29F00AEE939 /* ViewController.swift in Sources */ = {isa = PBXBuildFile; fileRef = 080695D8202AE29F00AEE939 /* ViewController.swift */; };
		080695DC202AE29F00AEE939 /* Main.storyboard in Resources */ = {isa = PBXBuildFile; fileRef = 080695DA202AE29F00AEE939 /* Main.storyboard */; };
		080695DE202AE29F00AEE939 /* Assets.xcassets in Resources */ = {isa = PBXBuildFile; fileRef = 080695DD202AE29F00AEE939 /* Assets.xcassets */; };
		080695E1202AE29F00AEE939 /* LaunchScreen.storyboard in Resources */ = {isa = PBXBuildFile; fileRef = 080695DF202AE29F00AEE939 /* LaunchScreen.storyboard */; };
		080695E9202AE65E00AEE939 /* Positioner.swift in Sources */ = {isa = PBXBuildFile; fileRef = 080695E8202AE65E00AEE939 /* Positioner.swift */; };
		080695EB202AEA3800AEE939 /* AddressFinder.swift in Sources */ = {isa = PBXBuildFile; fileRef = 080695EA202AEA3800AEE939 /* AddressFinder.swift */; };
		080695ED202AEA5400AEE939 /* RestaurantFinder.swift in Sources */ = {isa = PBXBuildFile; fileRef = 080695EC202AEA5400AEE939 /* RestaurantFinder.swift */; };
		1AAD882D53B20927F350DCF4 /* Pods_FutureLabTest.framework in Frameworks */ = {isa = PBXBuildFile; fileRef = 1A20FECA1B8B0463E39E7129 /* Pods_FutureLabTest.framework */; };
/* End PBXBuildFile section */

/* Begin PBXFileReference section */
		080695D3202AE29F00AEE939 /* FutureLabTest.app */ = {isa = PBXFileReference; explicitFileType = wrapper.application; includeInIndex = 0; path = FutureLabTest.app; sourceTree = BUILT_PRODUCTS_DIR; };
		080695D6202AE29F00AEE939 /* AppDelegate.swift */ = {isa = PBXFileReference; lastKnownFileType = sourcecode.swift; path = AppDelegate.swift; sourceTree = "<group>"; };
		080695D8202AE29F00AEE939 /* ViewController.swift */ = {isa = PBXFileReference; lastKnownFileType = sourcecode.swift; path = ViewController.swift; sourceTree = "<group>"; };
		080695DB202AE29F00AEE939 /* Base */ = {isa = PBXFileReference; lastKnownFileType = file.storyboard; name = Base; path = Base.lproj/Main.storyboard; sourceTree = "<group>"; };
		080695DD202AE29F00AEE939 /* Assets.xcassets */ = {isa = PBXFileReference; lastKnownFileType = folder.assetcatalog; path = Assets.xcassets; sourceTree = "<group>"; };
		080695E0202AE29F00AEE939 /* Base */ = {isa = PBXFileReference; lastKnownFileType = file.storyboard; name = Base; path = Base.lproj/LaunchScreen.storyboard; sourceTree = "<group>"; };
		080695E2202AE29F00AEE939 /* Info.plist */ = {isa = PBXFileReference; lastKnownFileType = text.plist.xml; path = Info.plist; sourceTree = "<group>"; };
		080695E8202AE65E00AEE939 /* Positioner.swift */ = {isa = PBXFileReference; lastKnownFileType = sourcecode.swift; path = Positioner.swift; sourceTree = "<group>"; };
		080695EA202AEA3800AEE939 /* AddressFinder.swift */ = {isa = PBXFileReference; lastKnownFileType = sourcecode.swift; path = AddressFinder.swift; sourceTree = "<group>"; };
		080695EC202AEA5400AEE939 /* RestaurantFinder.swift */ = {isa = PBXFileReference; lastKnownFileType = sourcecode.swift; path = RestaurantFinder.swift; sourceTree = "<group>"; };
		1A20FECA1B8B0463E39E7129 /* Pods_FutureLabTest.framework */ = {isa = PBXFileReference; explicitFileType = wrapper.framework; includeInIndex = 0; path = Pods_FutureLabTest.framework; sourceTree = BUILT_PRODUCTS_DIR; };
		A7BC5EAFBB700BC2E7D1731B /* Pods-FutureLabTest.debug.xcconfig */ = {isa = PBXFileReference; includeInIndex = 1; lastKnownFileType = text.xcconfig; name = "Pods-FutureLabTest.debug.xcconfig"; path = "Pods/Target Support Files/Pods-FutureLabTest/Pods-FutureLabTest.debug.xcconfig"; sourceTree = "<group>"; };
		B658248DDAD220DDFDF839D4 /* Pods-FutureLabTest.release.xcconfig */ = {isa = PBXFileReference; includeInIndex = 1; lastKnownFileType = text.xcconfig; name = "Pods-FutureLabTest.release.xcconfig"; path = "Pods/Target Support Files/Pods-FutureLabTest/Pods-FutureLabTest.release.xcconfig"; sourceTree = "<group>"; };
/* End PBXFileReference section */

/* Begin PBXFrameworksBuildPhase section */
		080695D0202AE29F00AEE939 /* Frameworks */ = {
			isa = PBXFrameworksBuildPhase;
			buildActionMask = 2147483647;
			files = (
				1AAD882D53B20927F350DCF4 /* Pods_FutureLabTest.framework in Frameworks */,
			);
			runOnlyForDeploymentPostprocessing = 0;
		};
/* End PBXFrameworksBuildPhase section */

/* Begin PBXGroup section */
		080695CA202AE29F00AEE939 = {
			isa = PBXGroup;
			children = (
				080695D5202AE29F00AEE939 /* FutureLabTest */,
				080695D4202AE29F00AEE939 /* Products */,
				EDC46FBEFE626C6A0BDA1224 /* Pods */,
				E37954B57145C42D8CADBBAD /* Frameworks */,
			);
			sourceTree = "<group>";
		};
		080695D4202AE29F00AEE939 /* Products */ = {
			isa = PBXGroup;
			children = (
				080695D3202AE29F00AEE939 /* FutureLabTest.app */,
			);
			name = Products;
			sourceTree = "<group>";
		};
		080695D5202AE29F00AEE939 /* FutureLabTest */ = {
			isa = PBXGroup;
			children = (
				080695D6202AE29F00AEE939 /* AppDelegate.swift */,
				080695D8202AE29F00AEE939 /* ViewController.swift */,
				080695DA202AE29F00AEE939 /* Main.storyboard */,
				080695DD202AE29F00AEE939 /* Assets.xcassets */,
				080695DF202AE29F00AEE939 /* LaunchScreen.storyboard */,
				080695E2202AE29F00AEE939 /* Info.plist */,
				080695E8202AE65E00AEE939 /* Positioner.swift */,
				080695EA202AEA3800AEE939 /* AddressFinder.swift */,
				080695EC202AEA5400AEE939 /* RestaurantFinder.swift */,
			);
			path = FutureLabTest;
			sourceTree = "<group>";
		};
		E37954B57145C42D8CADBBAD /* Frameworks */ = {
			isa = PBXGroup;
			children = (
				1A20FECA1B8B0463E39E7129 /* Pods_FutureLabTest.framework */,
			);
			name = Frameworks;
			sourceTree = "<group>";
		};
		EDC46FBEFE626C6A0BDA1224 /* Pods */ = {
			isa = PBXGroup;
			children = (
				A7BC5EAFBB700BC2E7D1731B /* Pods-FutureLabTest.debug.xcconfig */,
				B658248DDAD220DDFDF839D4 /* Pods-FutureLabTest.release.xcconfig */,
			);
			name = Pods;
			sourceTree = "<group>";
		};
/* End PBXGroup section */

/* Begin PBXNativeTarget section */
		080695D2202AE29F00AEE939 /* FutureLabTest */ = {
			isa = PBXNativeTarget;
			buildConfigurationList = 080695E5202AE29F00AEE939 /* Build configuration list for PBXNativeTarget "FutureLabTest" */;
			buildPhases = (
				90450D70B4A95122CF680496 /* [CP] Check Pods Manifest.lock */,
				080695CF202AE29F00AEE939 /* Sources */,
				080695D0202AE29F00AEE939 /* Frameworks */,
				080695D1202AE29F00AEE939 /* Resources */,
				44E493177587E25218A10928 /* [CP] Embed Pods Frameworks */,
				63AF2FB06E1E58B520946500 /* [CP] Copy Pods Resources */,
			);
			buildRules = (
			);
			dependencies = (
			);
			name = FutureLabTest;
			productName = FutureLabTest;
			productReference = 080695D3202AE29F00AEE939 /* FutureLabTest.app */;
			productType = "com.apple.product-type.application";
		};
/* End PBXNativeTarget section */

/* Begin PBXProject section */
		080695CB202AE29F00AEE939 /* Project object */ = {
			isa = PBXProject;
			attributes = {
				LastSwiftUpdateCheck = 0920;
				LastUpgradeCheck = 0920;
				ORGANIZATIONNAME = "Beat Saurenmann";
				TargetAttributes = {
					080695D2202AE29F00AEE939 = {
						CreatedOnToolsVersion = 9.2;
						ProvisioningStyle = Automatic;
					};
				};
			};
			buildConfigurationList = 080695CE202AE29F00AEE939 /* Build configuration list for PBXProject "FutureLabTest" */;
			compatibilityVersion = "Xcode 8.0";
			developmentRegion = en;
			hasScannedForEncodings = 0;
			knownRegions = (
				en,
				Base,
			);
			mainGroup = 080695CA202AE29F00AEE939;
			productRefGroup = 080695D4202AE29F00AEE939 /* Products */;
			projectDirPath = "";
			projectRoot = "";
			targets = (
				080695D2202AE29F00AEE939 /* FutureLabTest */,
			);
		};
/* End PBXProject section */

/* Begin PBXResourcesBuildPhase section */
		080695D1202AE29F00AEE939 /* Resources */ = {
			isa = PBXResourcesBuildPhase;
			buildActionMask = 2147483647;
			files = (
				080695E1202AE29F00AEE939 /* LaunchScreen.storyboard in Resources */,
				080695DE202AE29F00AEE939 /* Assets.xcassets in Resources */,
				080695DC202AE29F00AEE939 /* Main.storyboard in Resources */,
			);
			runOnlyForDeploymentPostprocessing = 0;
		};
/* End PBXResourcesBuildPhase section */

/* Begin PBXShellScriptBuildPhase section */
		44E493177587E25218A10928 /* [CP] Embed Pods Frameworks */ = {
			isa = PBXShellScriptBuildPhase;
			buildActionMask = 2147483647;
			files = (
			);
			inputPaths = (
				"${SRCROOT}/Pods/Target Support Files/Pods-FutureLabTest/Pods-FutureLabTest-frameworks.sh",
				"${BUILT_PRODUCTS_DIR}/Alamofire/Alamofire.framework",
				"${BUILT_PRODUCTS_DIR}/Nominatim/Nominatim.framework",
				"${BUILT_PRODUCTS_DIR}/SwiftyXMLParser/SwiftyXMLParser.framework",
			);
			name = "[CP] Embed Pods Frameworks";
			outputPaths = (
				"${TARGET_BUILD_DIR}/${FRAMEWORKS_FOLDER_PATH}/Alamofire.framework",
				"${TARGET_BUILD_DIR}/${FRAMEWORKS_FOLDER_PATH}/Nominatim.framework",
				"${TARGET_BUILD_DIR}/${FRAMEWORKS_FOLDER_PATH}/SwiftyXMLParser.framework",
			);
			runOnlyForDeploymentPostprocessing = 0;
			shellPath = /bin/sh;
			shellScript = "\"${SRCROOT}/Pods/Target Support Files/Pods-FutureLabTest/Pods-FutureLabTest-frameworks.sh\"\n";
			showEnvVarsInLog = 0;
		};
		63AF2FB06E1E58B520946500 /* [CP] Copy Pods Resources */ = {
			isa = PBXShellScriptBuildPhase;
			buildActionMask = 2147483647;
			files = (
			);
			inputPaths = (
			);
			name = "[CP] Copy Pods Resources";
			outputPaths = (
			);
			runOnlyForDeploymentPostprocessing = 0;
			shellPath = /bin/sh;
			shellScript = "\"${SRCROOT}/Pods/Target Support Files/Pods-FutureLabTest/Pods-FutureLabTest-resources.sh\"\n";
			showEnvVarsInLog = 0;
		};
		90450D70B4A95122CF680496 /* [CP] Check Pods Manifest.lock */ = {
			isa = PBXShellScriptBuildPhase;
			buildActionMask = 2147483647;
			files = (
			);
			inputPaths = (
				"${PODS_PODFILE_DIR_PATH}/Podfile.lock",
				"${PODS_ROOT}/Manifest.lock",
			);
			name = "[CP] Check Pods Manifest.lock";
			outputPaths = (
				"$(DERIVED_FILE_DIR)/Pods-FutureLabTest-checkManifestLockResult.txt",
			);
			runOnlyForDeploymentPostprocessing = 0;
			shellPath = /bin/sh;
			shellScript = "diff \"${PODS_PODFILE_DIR_PATH}/Podfile.lock\" \"${PODS_ROOT}/Manifest.lock\" > /dev/null\nif [ $? != 0 ] ; then\n    # print error to STDERR\n    echo \"error: The sandbox is not in sync with the Podfile.lock. Run 'pod install' or update your CocoaPods installation.\" >&2\n    exit 1\nfi\n# This output is used by Xcode 'outputs' to avoid re-running this script phase.\necho \"SUCCESS\" > \"${SCRIPT_OUTPUT_FILE_0}\"\n";
			showEnvVarsInLog = 0;
		};
/* End PBXShellScriptBuildPhase section */

/* Begin PBXSourcesBuildPhase section */
		080695CF202AE29F00AEE939 /* Sources */ = {
			isa = PBXSourcesBuildPhase;
			buildActionMask = 2147483647;
			files = (
				080695EB202AEA3800AEE939 /* AddressFinder.swift in Sources */,
				080695D9202AE29F00AEE939 /* ViewController.swift in Sources */,
				080695ED202AEA5400AEE939 /* RestaurantFinder.swift in Sources */,
				080695D7202AE29F00AEE939 /* AppDelegate.swift in Sources */,
				080695E9202AE65E00AEE939 /* Positioner.swift in Sources */,
			);
			runOnlyForDeploymentPostprocessing = 0;
		};
/* End PBXSourcesBuildPhase section */

/* Begin PBXVariantGroup section */
		080695DA202AE29F00AEE939 /* Main.storyboard */ = {
			isa = PBXVariantGroup;
			children = (
				080695DB202AE29F00AEE939 /* Base */,
			);
			name = Main.storyboard;
			sourceTree = "<group>";
		};
		080695DF202AE29F00AEE939 /* LaunchScreen.storyboard */ = {
			isa = PBXVariantGroup;
			children = (
				080695E0202AE29F00AEE939 /* Base */,
			);
			name = LaunchScreen.storyboard;
			sourceTree = "<group>";
		};
/* End PBXVariantGroup section */

/* Begin XCBuildConfiguration section */
		080695E3202AE29F00AEE939 /* Debug */ = {
			isa = XCBuildConfiguration;
			buildSettings = {
				ALWAYS_SEARCH_USER_PATHS = NO;
				CLANG_ANALYZER_NONNULL = YES;
				CLANG_ANALYZER_NUMBER_OBJECT_CONVERSION = YES_AGGRESSIVE;
				CLANG_CXX_LANGUAGE_STANDARD = "gnu++14";
				CLANG_CXX_LIBRARY = "libc++";
				CLANG_ENABLE_MODULES = YES;
				CLANG_ENABLE_OBJC_ARC = YES;
				CLANG_WARN_BLOCK_CAPTURE_AUTORELEASING = YES;
				CLANG_WARN_BOOL_CONVERSION = YES;
				CLANG_WARN_COMMA = YES;
				CLANG_WARN_CONSTANT_CONVERSION = YES;
				CLANG_WARN_DIRECT_OBJC_ISA_USAGE = YES_ERROR;
				CLANG_WARN_DOCUMENTATION_COMMENTS = YES;
				CLANG_WARN_EMPTY_BODY = YES;
				CLANG_WARN_ENUM_CONVERSION = YES;
				CLANG_WARN_INFINITE_RECURSION = YES;
				CLANG_WARN_INT_CONVERSION = YES;
				CLANG_WARN_NON_LITERAL_NULL_CONVERSION = YES;
				CLANG_WARN_OBJC_LITERAL_CONVERSION = YES;
				CLANG_WARN_OBJC_ROOT_CLASS = YES_ERROR;
				CLANG_WARN_RANGE_LOOP_ANALYSIS = YES;
				CLANG_WARN_STRICT_PROTOTYPES = YES;
				CLANG_WARN_SUSPICIOUS_MOVE = YES;
				CLANG_WARN_UNGUARDED_AVAILABILITY = YES_AGGRESSIVE;
				CLANG_WARN_UNREACHABLE_CODE = YES;
				CLANG_WARN__DUPLICATE_METHOD_MATCH = YES;
				CODE_SIGN_IDENTITY = "iPhone Developer";
				COPY_PHASE_STRIP = NO;
				DEBUG_INFORMATION_FORMAT = dwarf;
				ENABLE_STRICT_OBJC_MSGSEND = YES;
				ENABLE_TESTABILITY = YES;
				GCC_C_LANGUAGE_STANDARD = gnu11;
				GCC_DYNAMIC_NO_PIC = NO;
				GCC_NO_COMMON_BLOCKS = YES;
				GCC_OPTIMIZATION_LEVEL = 0;
				GCC_PREPROCESSOR_DEFINITIONS = (
					"DEBUG=1",
					"$(inherited)",
				);
				GCC_WARN_64_TO_32_BIT_CONVERSION = YES;
				GCC_WARN_ABOUT_RETURN_TYPE = YES_ERROR;
				GCC_WARN_UNDECLARED_SELECTOR = YES;
				GCC_WARN_UNINITIALIZED_AUTOS = YES_AGGRESSIVE;
				GCC_WARN_UNUSED_FUNCTION = YES;
				GCC_WARN_UNUSED_VARIABLE = YES;
				IPHONEOS_DEPLOYMENT_TARGET = 11.2;
				MTL_ENABLE_DEBUG_INFO = YES;
				ONLY_ACTIVE_ARCH = YES;
				SDKROOT = iphoneos;
				SWIFT_ACTIVE_COMPILATION_CONDITIONS = DEBUG;
				SWIFT_OPTIMIZATION_LEVEL = "-Onone";
			};
			name = Debug;
		};
		080695E4202AE29F00AEE939 /* Release */ = {
			isa = XCBuildConfiguration;
			buildSettings = {
				ALWAYS_SEARCH_USER_PATHS = NO;
				CLANG_ANALYZER_NONNULL = YES;
				CLANG_ANALYZER_NUMBER_OBJECT_CONVERSION = YES_AGGRESSIVE;
				CLANG_CXX_LANGUAGE_STANDARD = "gnu++14";
				CLANG_CXX_LIBRARY = "libc++";
				CLANG_ENABLE_MODULES = YES;
				CLANG_ENABLE_OBJC_ARC = YES;
				CLANG_WARN_BLOCK_CAPTURE_AUTORELEASING = YES;
				CLANG_WARN_BOOL_CONVERSION = YES;
				CLANG_WARN_COMMA = YES;
				CLANG_WARN_CONSTANT_CONVERSION = YES;
				CLANG_WARN_DIRECT_OBJC_ISA_USAGE = YES_ERROR;
				CLANG_WARN_DOCUMENTATION_COMMENTS = YES;
				CLANG_WARN_EMPTY_BODY = YES;
				CLANG_WARN_ENUM_CONVERSION = YES;
				CLANG_WARN_INFINITE_RECURSION = YES;
				CLANG_WARN_INT_CONVERSION = YES;
				CLANG_WARN_NON_LITERAL_NULL_CONVERSION = YES;
				CLANG_WARN_OBJC_LITERAL_CONVERSION = YES;
				CLANG_WARN_OBJC_ROOT_CLASS = YES_ERROR;
				CLANG_WARN_RANGE_LOOP_ANALYSIS = YES;
				CLANG_WARN_STRICT_PROTOTYPES = YES;
				CLANG_WARN_SUSPICIOUS_MOVE = YES;
				CLANG_WARN_UNGUARDED_AVAILABILITY = YES_AGGRESSIVE;
				CLANG_WARN_UNREACHABLE_CODE = YES;
				CLANG_WARN__DUPLICATE_METHOD_MATCH = YES;
				CODE_SIGN_IDENTITY = "iPhone Developer";
				COPY_PHASE_STRIP = NO;
				DEBUG_INFORMATION_FORMAT = "dwarf-with-dsym";
				ENABLE_NS_ASSERTIONS = NO;
				ENABLE_STRICT_OBJC_MSGSEND = YES;
				GCC_C_LANGUAGE_STANDARD = gnu11;
				GCC_NO_COMMON_BLOCKS = YES;
				GCC_WARN_64_TO_32_BIT_CONVERSION = YES;
				GCC_WARN_ABOUT_RETURN_TYPE = YES_ERROR;
				GCC_WARN_UNDECLARED_SELECTOR = YES;
				GCC_WARN_UNINITIALIZED_AUTOS = YES_AGGRESSIVE;
				GCC_WARN_UNUSED_FUNCTION = YES;
				GCC_WARN_UNUSED_VARIABLE = YES;
				IPHONEOS_DEPLOYMENT_TARGET = 11.2;
				MTL_ENABLE_DEBUG_INFO = NO;
				SDKROOT = iphoneos;
				SWIFT_OPTIMIZATION_LEVEL = "-Owholemodule";
				VALIDATE_PRODUCT = YES;
			};
			name = Release;
		};
		080695E6202AE29F00AEE939 /* Debug */ = {
			isa = XCBuildConfiguration;
			baseConfigurationReference = A7BC5EAFBB700BC2E7D1731B /* Pods-FutureLabTest.debug.xcconfig */;
			buildSettings = {
				ASSETCATALOG_COMPILER_APPICON_NAME = AppIcon;
				CODE_SIGN_STYLE = Automatic;
				DEVELOPMENT_TEAM = 84LS53V83M;
				INFOPLIST_FILE = FutureLabTest/Info.plist;
				LD_RUNPATH_SEARCH_PATHS = "$(inherited) @executable_path/Frameworks";
				PRODUCT_BUNDLE_IDENTIFIER = undefined.FutureLabTest;
				PRODUCT_NAME = "$(TARGET_NAME)";
				SWIFT_VERSION = 4.0;
				TARGETED_DEVICE_FAMILY = "1,2";
			};
			name = Debug;
		};
		080695E7202AE29F00AEE939 /* Release */ = {
			isa = XCBuildConfiguration;
			baseConfigurationReference = B658248DDAD220DDFDF839D4 /* Pods-FutureLabTest.release.xcconfig */;
			buildSettings = {
				ASSETCATALOG_COMPILER_APPICON_NAME = AppIcon;
				CODE_SIGN_STYLE = Automatic;
				DEVELOPMENT_TEAM = 84LS53V83M;
				INFOPLIST_FILE = FutureLabTest/Info.plist;
				LD_RUNPATH_SEARCH_PATHS = "$(inherited) @executable_path/Frameworks";
				PRODUCT_BUNDLE_IDENTIFIER = undefined.FutureLabTest;
				PRODUCT_NAME = "$(TARGET_NAME)";
				SWIFT_VERSION = 4.0;
				TARGETED_DEVICE_FAMILY = "1,2";
			};
			name = Release;
		};
/* End XCBuildConfiguration section */

/* Begin XCConfigurationList section */
		080695CE202AE29F00AEE939 /* Build configuration list for PBXProject "FutureLabTest" */ = {
			isa = XCConfigurationList;
			buildConfigurations = (
				080695E3202AE29F00AEE939 /* Debug */,
				080695E4202AE29F00AEE939 /* Release */,
			);
			defaultConfigurationIsVisible = 0;
			defaultConfigurationName = Release;
		};
		080695E5202AE29F00AEE939 /* Build configuration list for PBXNativeTarget "FutureLabTest" */ = {
			isa = XCConfigurationList;
			buildConfigurations = (
				080695E6202AE29F00AEE939 /* Debug */,
				080695E7202AE29F00AEE939 /* Release */,
			);
			defaultConfigurationIsVisible = 0;
			defaultConfigurationName = Release;
		};
/* End XCConfigurationList section */
	};
	rootObject = 080695CB202AE29F00AEE939 /* Project object */;
}
